
Microsoft Visual Studio Solution File, Format Version 12.00
# Visual Studio Version 17
VisualStudioVersion = 17.14.36408.4 d17.14
MinimumVisualStudioVersion = 10.0.40219.1
Project("{8BC9CEB8-8B4A-11D0-8D11-00A0C91BC942}") = "Cola Circular", "Cola Circular\Cola Circular.vcxproj", "{9C1E5BE2-136C-4C4F-AA7A-BF9ABFA52014}"
EndProject
Global
	GlobalSection(SolutionConfigurationPlatforms) = preSolution
		Debug|x64 = Debug|x64
		Debug|x86 = Debug|x86
		Release|x64 = Release|x64
		Release|x86 = Release|x86
	EndGlobalSection
	GlobalSection(ProjectConfigurationPlatforms) = postSolution
		{9C1E5BE2-136C-4C4F-AA7A-BF9ABFA52014}.Debug|x64.ActiveCfg = Debug|x64
		{9C1E5BE2-136C-4C4F-AA7A-BF9ABFA52014}.Debug|x64.Build.0 = Debug|x64
		{9C1E5BE2-136C-4C4F-AA7A-BF9ABFA52014}.Debug|x86.ActiveCfg = Debug|Win32
		{9C1E5BE2-136C-4C4F-AA7A-BF9ABFA52014}.Debug|x86.Build.0 = Debug|Win32
		{9C1E5BE2-136C-4C4F-AA7A-BF9ABFA52014}.Release|x64.ActiveCfg = Release|x64
		{9C1E5BE2-136C-4C4F-AA7A-BF9ABFA52014}.Release|x64.Build.0 = Release|x64
		{9C1E5BE2-136C-4C4F-AA7A-BF9ABFA52014}.Release|x86.ActiveCfg = Release|Win32
		{9C1E5BE2-136C-4C4F-AA7A-BF9ABFA52014}.Release|x86.Build.0 = Release|Win32
	EndGlobalSection
	GlobalSection(SolutionProperties) = preSolution
		HideSolutionNode = FALSE
	EndGlobalSection
	GlobalSection(ExtensibilityGlobals) = postSolution
		SolutionGuid = {E06CF9DF-5561-4525-9EC4-F4FC6F217539}
	EndGlobalSection
EndGlobal
